
Microsoft Visual Studio Solution File, Format Version 12.00
# Visual Studio 14
VisualStudioVersion = 14.0.25123.0
MinimumVisualStudioVersion = 10.0.40219.1
Project("{FAE04EC0-301F-11D3-BF4B-00C04F79EFBC}") = "01DayOfWeek", "01DayOfWeek\01DayOfWeek.csproj", "{109AD522-8E8E-4703-8BC1-FFC3F1672F0F}"
EndProject
Project("{FAE04EC0-301F-11D3-BF4B-00C04F79EFBC}") = "02RandomizeWords", "02RandomizeWords\02RandomizeWords.csproj", "{B146034D-43A3-4089-8E4C-C281E5DCE997}"
EndProject
Project("{FAE04EC0-301F-11D3-BF4B-00C04F79EFBC}") = "03BigFactorial", "03BigFactorial\03BigFactorial.csproj", "{F62B50B6-B054-458C-BEAE-BA9F5AD4595E}"
EndProject
Project("{FAE04EC0-301F-11D3-BF4B-00C04F79EFBC}") = "04DistanceBetweenPoints", "04DistanceBetweenPoints\04DistanceBetweenPoints.csproj", "{5B0B079E-5915-432C-AEFB-CCA5FB78D8C1}"
EndProject
Project("{FAE04EC0-301F-11D3-BF4B-00C04F79EFBC}") = "05ClosestTwoPoints", "05ClosestTwoPoints\05ClosestTwoPoints.csproj", "{33F75824-007D-4AD8-AE4A-13F59F675753}"
EndProject
Project("{FAE04EC0-301F-11D3-BF4B-00C04F79EFBC}") = "07SalesReport", "07SalesReport\07SalesReport.csproj", "{C839EBE9-5F28-4885-B4F1-721AC32FEBC2}"
EndProject
Project("{FAE04EC0-301F-11D3-BF4B-00C04F79EFBC}") = "06RectanglePosition", "06RectanglePosition\06RectanglePosition.csproj", "{BD6AAE01-0BEF-4756-A4B6-E01DB9EEF1E5}"
EndProject
Global
	GlobalSection(SolutionConfigurationPlatforms) = preSolution
		Debug|Any CPU = Debug|Any CPU
		Release|Any CPU = Release|Any CPU
	EndGlobalSection
	GlobalSection(ProjectConfigurationPlatforms) = postSolution
		{109AD522-8E8E-4703-8BC1-FFC3F1672F0F}.Debug|Any CPU.ActiveCfg = Debug|Any CPU
		{109AD522-8E8E-4703-8BC1-FFC3F1672F0F}.Debug|Any CPU.Build.0 = Debug|Any CPU
		{109AD522-8E8E-4703-8BC1-FFC3F1672F0F}.Release|Any CPU.ActiveCfg = Release|Any CPU
		{109AD522-8E8E-4703-8BC1-FFC3F1672F0F}.Release|Any CPU.Build.0 = Release|Any CPU
		{B146034D-43A3-4089-8E4C-C281E5DCE997}.Debug|Any CPU.ActiveCfg = Debug|Any CPU
		{B146034D-43A3-4089-8E4C-C281E5DCE997}.Debug|Any CPU.Build.0 = Debug|Any CPU
		{B146034D-43A3-4089-8E4C-C281E5DCE997}.Release|Any CPU.ActiveCfg = Release|Any CPU
		{B146034D-43A3-4089-8E4C-C281E5DCE997}.Release|Any CPU.Build.0 = Release|Any CPU
		{F62B50B6-B054-458C-BEAE-BA9F5AD4595E}.Debug|Any CPU.ActiveCfg = Debug|Any CPU
		{F62B50B6-B054-458C-BEAE-BA9F5AD4595E}.Debug|Any CPU.Build.0 = Debug|Any CPU
		{F62B50B6-B054-458C-BEAE-BA9F5AD4595E}.Release|Any CPU.ActiveCfg = Release|Any CPU
		{F62B50B6-B054-458C-BEAE-BA9F5AD4595E}.Release|Any CPU.Build.0 = Release|Any CPU
		{5B0B079E-5915-432C-AEFB-CCA5FB78D8C1}.Debug|Any CPU.ActiveCfg = Debug|Any CPU
		{5B0B079E-5915-432C-AEFB-CCA5FB78D8C1}.Debug|Any CPU.Build.0 = Debug|Any CPU
		{5B0B079E-5915-432C-AEFB-CCA5FB78D8C1}.Release|Any CPU.ActiveCfg = Release|Any CPU
		{5B0B079E-5915-432C-AEFB-CCA5FB78D8C1}.Release|Any CPU.Build.0 = Release|Any CPU
		{33F75824-007D-4AD8-AE4A-13F59F675753}.Debug|Any CPU.ActiveCfg = Debug|Any CPU
		{33F75824-007D-4AD8-AE4A-13F59F675753}.Debug|Any CPU.Build.0 = Debug|Any CPU
		{33F75824-007D-4AD8-AE4A-13F59F675753}.Release|Any CPU.ActiveCfg = Release|Any CPU
		{33F75824-007D-4AD8-AE4A-13F59F675753}.Release|Any CPU.Build.0 = Release|Any CPU
		{C839EBE9-5F28-4885-B4F1-721AC32FEBC2}.Debug|Any CPU.ActiveCfg = Debug|Any CPU
		{C839EBE9-5F28-4885-B4F1-721AC32FEBC2}.Debug|Any CPU.Build.0 = Debug|Any CPU
		{C839EBE9-5F28-4885-B4F1-721AC32FEBC2}.Release|Any CPU.ActiveCfg = Release|Any CPU
		{C839EBE9-5F28-4885-B4F1-721AC32FEBC2}.Release|Any CPU.Build.0 = Release|Any CPU
		{BD6AAE01-0BEF-4756-A4B6-E01DB9EEF1E5}.Debug|Any CPU.ActiveCfg = Debug|Any CPU
		{BD6AAE01-0BEF-4756-A4B6-E01DB9EEF1E5}.Debug|Any CPU.Build.0 = Debug|Any CPU
		{BD6AAE01-0BEF-4756-A4B6-E01DB9EEF1E5}.Release|Any CPU.ActiveCfg = Release|Any CPU
		{BD6AAE01-0BEF-4756-A4B6-E01DB9EEF1E5}.Release|Any CPU.Build.0 = Release|Any CPU
	EndGlobalSection
	GlobalSection(SolutionProperties) = preSolution
		HideSolutionNode = FALSE
	EndGlobalSection
EndGlobal
