
Microsoft Visual Studio Solution File, Format Version 12.00
# Visual Studio 14
VisualStudioVersion = 14.0.25123.0
MinimumVisualStudioVersion = 10.0.40219.1
Project("{FAE04EC0-301F-11D3-BF4B-00C04F79EFBC}") = "E01DecryptTheMessage", "E01DecryptTheMessage\E01DecryptTheMessage.csproj", "{A6618A5C-C627-4A84-84E3-B18AED84C85E}"
EndProject
Project("{FAE04EC0-301F-11D3-BF4B-00C04F79EFBC}") = "E02ChessBoardGame", "E02ChessBoardGame\E02ChessBoardGame.csproj", "{99C4C038-1E71-435A-A0B8-5DE87FE1576E}"
EndProject
Project("{FAE04EC0-301F-11D3-BF4B-00C04F79EFBC}") = "E03KingOfThieves", "E03KingOfThieves\E03KingOfThieves.csproj", "{FDB6134F-777F-4EBA-B140-ED6FE3F24BB2}"
EndProject
Project("{FAE04EC0-301F-11D3-BF4B-00C04F79EFBC}") = "E04BookProblem", "E04BookProblem\E04BookProblem.csproj", "{E59B1970-28D9-49AB-8CB9-7C12272DE8E8}"
EndProject
Project("{FAE04EC0-301F-11D3-BF4B-00C04F79EFBC}") = "E05ArrayMatcher", "E05ArrayMatcher\E05ArrayMatcher.csproj", "{919AC235-ADD8-4DFC-8EC0-AAE38FADF60E}"
EndProject
Project("{FAE04EC0-301F-11D3-BF4B-00C04F79EFBC}") = "E06MagicWand", "E06MagicWand\E06MagicWand.csproj", "{0BCD22BB-D7AC-4882-91FB-796AD38246D7}"
EndProject
Project("{FAE04EC0-301F-11D3-BF4B-00C04F79EFBC}") = "E07DreamItem", "E07DreamItem\E07DreamItem.csproj", "{200B988C-EBEC-40EA-9D7F-BD5A16775CC1}"
EndProject
Project("{FAE04EC0-301F-11D3-BF4B-00C04F79EFBC}") = "E08currencyCheck", "E08currencyCheck\E08currencyCheck.csproj", "{AA31F114-E712-4DC9-B5E1-D51BDDB2BAEA}"
EndProject
Project("{FAE04EC0-301F-11D3-BF4B-00C04F79EFBC}") = "E09EncryptedMatrix", "E09EncryptedMatrix\E09EncryptedMatrix.csproj", "{96AF3E5C-9006-4F81-BCC7-91FD2241B85E}"
EndProject
Project("{FAE04EC0-301F-11D3-BF4B-00C04F79EFBC}") = "E10Dumbbel", "E10Dumbbel\E10Dumbbel.csproj", "{33582CF3-FA7C-4792-99B0-7081F60A5BF6}"
EndProject
Project("{FAE04EC0-301F-11D3-BF4B-00C04F79EFBC}") = "E11BasketBattle", "E11BasketBattle\E11BasketBattle.csproj", "{A6221F3B-01BC-4214-8BAD-6F811395C798}"
EndProject
Project("{FAE04EC0-301F-11D3-BF4B-00C04F79EFBC}") = "E12TorrentPirate", "E12TorrentPirate\E12TorrentPirate.csproj", "{6DB80890-F346-405F-B996-CF888136F824}"
EndProject
Project("{FAE04EC0-301F-11D3-BF4B-00C04F79EFBC}") = "E13magicNumbers", "E13magicNumbers\E13magicNumbers.csproj", "{AC5C0191-B496-4F44-856D-4FAE3104C59B}"
EndProject
Project("{FAE04EC0-301F-11D3-BF4B-00C04F79EFBC}") = "E14Division", "E14Division\E14Division.csproj", "{80CEB25A-ACC5-489F-86A0-BC83BA837C7A}"
EndProject
Project("{FAE04EC0-301F-11D3-BF4B-00C04F79EFBC}") = "E15Trip", "E15Trip\E15Trip.csproj", "{8CE09170-D41E-4426-98B1-ED1B4B6E4293}"
EndProject
Project("{FAE04EC0-301F-11D3-BF4B-00C04F79EFBC}") = "E16PoolPipes", "E16PoolPipes\E16PoolPipes.csproj", "{CD6BCA32-6F6F-4B24-ADCA-99FE860392FE}"
EndProject
Project("{FAE04EC0-301F-11D3-BF4B-00C04F79EFBC}") = "E17VegetableMarket", "E17VegetableMarket\E17VegetableMarket.csproj", "{A9B801B9-E5BF-435E-9D65-6AA329ADE8EA}"
EndProject
Project("{FAE04EC0-301F-11D3-BF4B-00C04F79EFBC}") = "E18SrudyRoom", "E18SrudyRoom\E18SrudyRoom.csproj", "{D287381C-778E-4ABE-8224-0AC860017177}"
EndProject
Project("{FAE04EC0-301F-11D3-BF4B-00C04F79EFBC}") = "E19TransportPrice", "E19TransportPrice\E19TransportPrice.csproj", "{9CD5D5C2-AC3F-40EA-AB7D-9065FF783D99}"
EndProject
Project("{FAE04EC0-301F-11D3-BF4B-00C04F79EFBC}") = "E20OnTimeForExam", "E20OnTimeForExam\E20OnTimeForExam.csproj", "{E32DA329-05AA-4FA3-8F6D-7B6F2CCD5286}"
EndProject
Project("{FAE04EC0-301F-11D3-BF4B-00C04F79EFBC}") = "E21test", "E21test\E21test.csproj", "{827CC30E-807B-44B7-BB95-FAB3B83EDA36}"
EndProject
Project("{FAE04EC0-301F-11D3-BF4B-00C04F79EFBC}") = "Etest", "Etest\Etest.csproj", "{CE2715DF-2114-4DBA-8953-688BFB177BD0}"
EndProject
Global
	GlobalSection(SolutionConfigurationPlatforms) = preSolution
		Debug|Any CPU = Debug|Any CPU
		Release|Any CPU = Release|Any CPU
	EndGlobalSection
	GlobalSection(ProjectConfigurationPlatforms) = postSolution
		{A6618A5C-C627-4A84-84E3-B18AED84C85E}.Debug|Any CPU.ActiveCfg = Debug|Any CPU
		{A6618A5C-C627-4A84-84E3-B18AED84C85E}.Debug|Any CPU.Build.0 = Debug|Any CPU
		{A6618A5C-C627-4A84-84E3-B18AED84C85E}.Release|Any CPU.ActiveCfg = Release|Any CPU
		{A6618A5C-C627-4A84-84E3-B18AED84C85E}.Release|Any CPU.Build.0 = Release|Any CPU
		{99C4C038-1E71-435A-A0B8-5DE87FE1576E}.Debug|Any CPU.ActiveCfg = Debug|Any CPU
		{99C4C038-1E71-435A-A0B8-5DE87FE1576E}.Debug|Any CPU.Build.0 = Debug|Any CPU
		{99C4C038-1E71-435A-A0B8-5DE87FE1576E}.Release|Any CPU.ActiveCfg = Release|Any CPU
		{99C4C038-1E71-435A-A0B8-5DE87FE1576E}.Release|Any CPU.Build.0 = Release|Any CPU
		{FDB6134F-777F-4EBA-B140-ED6FE3F24BB2}.Debug|Any CPU.ActiveCfg = Debug|Any CPU
		{FDB6134F-777F-4EBA-B140-ED6FE3F24BB2}.Debug|Any CPU.Build.0 = Debug|Any CPU
		{FDB6134F-777F-4EBA-B140-ED6FE3F24BB2}.Release|Any CPU.ActiveCfg = Release|Any CPU
		{FDB6134F-777F-4EBA-B140-ED6FE3F24BB2}.Release|Any CPU.Build.0 = Release|Any CPU
		{E59B1970-28D9-49AB-8CB9-7C12272DE8E8}.Debug|Any CPU.ActiveCfg = Debug|Any CPU
		{E59B1970-28D9-49AB-8CB9-7C12272DE8E8}.Debug|Any CPU.Build.0 = Debug|Any CPU
		{E59B1970-28D9-49AB-8CB9-7C12272DE8E8}.Release|Any CPU.ActiveCfg = Release|Any CPU
		{E59B1970-28D9-49AB-8CB9-7C12272DE8E8}.Release|Any CPU.Build.0 = Release|Any CPU
		{919AC235-ADD8-4DFC-8EC0-AAE38FADF60E}.Debug|Any CPU.ActiveCfg = Debug|Any CPU
		{919AC235-ADD8-4DFC-8EC0-AAE38FADF60E}.Debug|Any CPU.Build.0 = Debug|Any CPU
		{919AC235-ADD8-4DFC-8EC0-AAE38FADF60E}.Release|Any CPU.ActiveCfg = Release|Any CPU
		{919AC235-ADD8-4DFC-8EC0-AAE38FADF60E}.Release|Any CPU.Build.0 = Release|Any CPU
		{0BCD22BB-D7AC-4882-91FB-796AD38246D7}.Debug|Any CPU.ActiveCfg = Debug|Any CPU
		{0BCD22BB-D7AC-4882-91FB-796AD38246D7}.Debug|Any CPU.Build.0 = Debug|Any CPU
		{0BCD22BB-D7AC-4882-91FB-796AD38246D7}.Release|Any CPU.ActiveCfg = Release|Any CPU
		{0BCD22BB-D7AC-4882-91FB-796AD38246D7}.Release|Any CPU.Build.0 = Release|Any CPU
		{200B988C-EBEC-40EA-9D7F-BD5A16775CC1}.Debug|Any CPU.ActiveCfg = Debug|Any CPU
		{200B988C-EBEC-40EA-9D7F-BD5A16775CC1}.Debug|Any CPU.Build.0 = Debug|Any CPU
		{200B988C-EBEC-40EA-9D7F-BD5A16775CC1}.Release|Any CPU.ActiveCfg = Release|Any CPU
		{200B988C-EBEC-40EA-9D7F-BD5A16775CC1}.Release|Any CPU.Build.0 = Release|Any CPU
		{AA31F114-E712-4DC9-B5E1-D51BDDB2BAEA}.Debug|Any CPU.ActiveCfg = Debug|Any CPU
		{AA31F114-E712-4DC9-B5E1-D51BDDB2BAEA}.Debug|Any CPU.Build.0 = Debug|Any CPU
		{AA31F114-E712-4DC9-B5E1-D51BDDB2BAEA}.Release|Any CPU.ActiveCfg = Release|Any CPU
		{AA31F114-E712-4DC9-B5E1-D51BDDB2BAEA}.Release|Any CPU.Build.0 = Release|Any CPU
		{96AF3E5C-9006-4F81-BCC7-91FD2241B85E}.Debug|Any CPU.ActiveCfg = Debug|Any CPU
		{96AF3E5C-9006-4F81-BCC7-91FD2241B85E}.Debug|Any CPU.Build.0 = Debug|Any CPU
		{96AF3E5C-9006-4F81-BCC7-91FD2241B85E}.Release|Any CPU.ActiveCfg = Release|Any CPU
		{96AF3E5C-9006-4F81-BCC7-91FD2241B85E}.Release|Any CPU.Build.0 = Release|Any CPU
		{33582CF3-FA7C-4792-99B0-7081F60A5BF6}.Debug|Any CPU.ActiveCfg = Debug|Any CPU
		{33582CF3-FA7C-4792-99B0-7081F60A5BF6}.Debug|Any CPU.Build.0 = Debug|Any CPU
		{33582CF3-FA7C-4792-99B0-7081F60A5BF6}.Release|Any CPU.ActiveCfg = Release|Any CPU
		{33582CF3-FA7C-4792-99B0-7081F60A5BF6}.Release|Any CPU.Build.0 = Release|Any CPU
		{A6221F3B-01BC-4214-8BAD-6F811395C798}.Debug|Any CPU.ActiveCfg = Debug|Any CPU
		{A6221F3B-01BC-4214-8BAD-6F811395C798}.Debug|Any CPU.Build.0 = Debug|Any CPU
		{A6221F3B-01BC-4214-8BAD-6F811395C798}.Release|Any CPU.ActiveCfg = Release|Any CPU
		{A6221F3B-01BC-4214-8BAD-6F811395C798}.Release|Any CPU.Build.0 = Release|Any CPU
		{6DB80890-F346-405F-B996-CF888136F824}.Debug|Any CPU.ActiveCfg = Debug|Any CPU
		{6DB80890-F346-405F-B996-CF888136F824}.Debug|Any CPU.Build.0 = Debug|Any CPU
		{6DB80890-F346-405F-B996-CF888136F824}.Release|Any CPU.ActiveCfg = Release|Any CPU
		{6DB80890-F346-405F-B996-CF888136F824}.Release|Any CPU.Build.0 = Release|Any CPU
		{AC5C0191-B496-4F44-856D-4FAE3104C59B}.Debug|Any CPU.ActiveCfg = Debug|Any CPU
		{AC5C0191-B496-4F44-856D-4FAE3104C59B}.Debug|Any CPU.Build.0 = Debug|Any CPU
		{AC5C0191-B496-4F44-856D-4FAE3104C59B}.Release|Any CPU.ActiveCfg = Release|Any CPU
		{AC5C0191-B496-4F44-856D-4FAE3104C59B}.Release|Any CPU.Build.0 = Release|Any CPU
		{80CEB25A-ACC5-489F-86A0-BC83BA837C7A}.Debug|Any CPU.ActiveCfg = Debug|Any CPU
		{80CEB25A-ACC5-489F-86A0-BC83BA837C7A}.Debug|Any CPU.Build.0 = Debug|Any CPU
		{80CEB25A-ACC5-489F-86A0-BC83BA837C7A}.Release|Any CPU.ActiveCfg = Release|Any CPU
		{80CEB25A-ACC5-489F-86A0-BC83BA837C7A}.Release|Any CPU.Build.0 = Release|Any CPU
		{8CE09170-D41E-4426-98B1-ED1B4B6E4293}.Debug|Any CPU.ActiveCfg = Debug|Any CPU
		{8CE09170-D41E-4426-98B1-ED1B4B6E4293}.Debug|Any CPU.Build.0 = Debug|Any CPU
		{8CE09170-D41E-4426-98B1-ED1B4B6E4293}.Release|Any CPU.ActiveCfg = Release|Any CPU
		{8CE09170-D41E-4426-98B1-ED1B4B6E4293}.Release|Any CPU.Build.0 = Release|Any CPU
		{CD6BCA32-6F6F-4B24-ADCA-99FE860392FE}.Debug|Any CPU.ActiveCfg = Debug|Any CPU
		{CD6BCA32-6F6F-4B24-ADCA-99FE860392FE}.Debug|Any CPU.Build.0 = Debug|Any CPU
		{CD6BCA32-6F6F-4B24-ADCA-99FE860392FE}.Release|Any CPU.ActiveCfg = Release|Any CPU
		{CD6BCA32-6F6F-4B24-ADCA-99FE860392FE}.Release|Any CPU.Build.0 = Release|Any CPU
		{A9B801B9-E5BF-435E-9D65-6AA329ADE8EA}.Debug|Any CPU.ActiveCfg = Debug|Any CPU
		{A9B801B9-E5BF-435E-9D65-6AA329ADE8EA}.Debug|Any CPU.Build.0 = Debug|Any CPU
		{A9B801B9-E5BF-435E-9D65-6AA329ADE8EA}.Release|Any CPU.ActiveCfg = Release|Any CPU
		{A9B801B9-E5BF-435E-9D65-6AA329ADE8EA}.Release|Any CPU.Build.0 = Release|Any CPU
		{D287381C-778E-4ABE-8224-0AC860017177}.Debug|Any CPU.ActiveCfg = Debug|Any CPU
		{D287381C-778E-4ABE-8224-0AC860017177}.Debug|Any CPU.Build.0 = Debug|Any CPU
		{D287381C-778E-4ABE-8224-0AC860017177}.Release|Any CPU.ActiveCfg = Release|Any CPU
		{D287381C-778E-4ABE-8224-0AC860017177}.Release|Any CPU.Build.0 = Release|Any CPU
		{9CD5D5C2-AC3F-40EA-AB7D-9065FF783D99}.Debug|Any CPU.ActiveCfg = Debug|Any CPU
		{9CD5D5C2-AC3F-40EA-AB7D-9065FF783D99}.Debug|Any CPU.Build.0 = Debug|Any CPU
		{9CD5D5C2-AC3F-40EA-AB7D-9065FF783D99}.Release|Any CPU.ActiveCfg = Release|Any CPU
		{9CD5D5C2-AC3F-40EA-AB7D-9065FF783D99}.Release|Any CPU.Build.0 = Release|Any CPU
		{E32DA329-05AA-4FA3-8F6D-7B6F2CCD5286}.Debug|Any CPU.ActiveCfg = Debug|Any CPU
		{E32DA329-05AA-4FA3-8F6D-7B6F2CCD5286}.Debug|Any CPU.Build.0 = Debug|Any CPU
		{E32DA329-05AA-4FA3-8F6D-7B6F2CCD5286}.Release|Any CPU.ActiveCfg = Release|Any CPU
		{E32DA329-05AA-4FA3-8F6D-7B6F2CCD5286}.Release|Any CPU.Build.0 = Release|Any CPU
		{827CC30E-807B-44B7-BB95-FAB3B83EDA36}.Debug|Any CPU.ActiveCfg = Debug|Any CPU
		{827CC30E-807B-44B7-BB95-FAB3B83EDA36}.Debug|Any CPU.Build.0 = Debug|Any CPU
		{827CC30E-807B-44B7-BB95-FAB3B83EDA36}.Release|Any CPU.ActiveCfg = Release|Any CPU
		{827CC30E-807B-44B7-BB95-FAB3B83EDA36}.Release|Any CPU.Build.0 = Release|Any CPU
		{CE2715DF-2114-4DBA-8953-688BFB177BD0}.Debug|Any CPU.ActiveCfg = Debug|Any CPU
		{CE2715DF-2114-4DBA-8953-688BFB177BD0}.Debug|Any CPU.Build.0 = Debug|Any CPU
		{CE2715DF-2114-4DBA-8953-688BFB177BD0}.Release|Any CPU.ActiveCfg = Release|Any CPU
		{CE2715DF-2114-4DBA-8953-688BFB177BD0}.Release|Any CPU.Build.0 = Release|Any CPU
	EndGlobalSection
	GlobalSection(SolutionProperties) = preSolution
		HideSolutionNode = FALSE
	EndGlobalSection
EndGlobal
