
Microsoft Visual Studio Solution File, Format Version 12.00
# Visual Studio 14
VisualStudioVersion = 14.0.25123.0
MinimumVisualStudioVersion = 10.0.40219.1
Project("{FAE04EC0-301F-11D3-BF4B-00C04F79EFBC}") = "E01ReverseString", "E01ReverseString\E01ReverseString.csproj", "{48B9A630-18A5-4BEF-9671-AA62CF54C6B6}"
EndProject
Project("{FAE04EC0-301F-11D3-BF4B-00C04F79EFBC}") = "E02CountSubstringOccurances", "E02CountSubstringOccurances\E02CountSubstringOccurances.csproj", "{3C009360-97D0-4C9B-A432-86816C2725B0}"
EndProject
Project("{FAE04EC0-301F-11D3-BF4B-00C04F79EFBC}") = "E03TextFilter", "E03TextFilter\E03TextFilter.csproj", "{B0221715-6957-44AD-9FB6-215713FAF78B}"
EndProject
Project("{FAE04EC0-301F-11D3-BF4B-00C04F79EFBC}") = "E04Palindromes", "E04Palindromes\E04Palindromes.csproj", "{98B0103B-A127-4BB2-BC6B-7B0910F3E1F6}"
EndProject
Global
	GlobalSection(SolutionConfigurationPlatforms) = preSolution
		Debug|Any CPU = Debug|Any CPU
		Release|Any CPU = Release|Any CPU
	EndGlobalSection
	GlobalSection(ProjectConfigurationPlatforms) = postSolution
		{48B9A630-18A5-4BEF-9671-AA62CF54C6B6}.Debug|Any CPU.ActiveCfg = Debug|Any CPU
		{48B9A630-18A5-4BEF-9671-AA62CF54C6B6}.Debug|Any CPU.Build.0 = Debug|Any CPU
		{48B9A630-18A5-4BEF-9671-AA62CF54C6B6}.Release|Any CPU.ActiveCfg = Release|Any CPU
		{48B9A630-18A5-4BEF-9671-AA62CF54C6B6}.Release|Any CPU.Build.0 = Release|Any CPU
		{3C009360-97D0-4C9B-A432-86816C2725B0}.Debug|Any CPU.ActiveCfg = Debug|Any CPU
		{3C009360-97D0-4C9B-A432-86816C2725B0}.Debug|Any CPU.Build.0 = Debug|Any CPU
		{3C009360-97D0-4C9B-A432-86816C2725B0}.Release|Any CPU.ActiveCfg = Release|Any CPU
		{3C009360-97D0-4C9B-A432-86816C2725B0}.Release|Any CPU.Build.0 = Release|Any CPU
		{B0221715-6957-44AD-9FB6-215713FAF78B}.Debug|Any CPU.ActiveCfg = Debug|Any CPU
		{B0221715-6957-44AD-9FB6-215713FAF78B}.Debug|Any CPU.Build.0 = Debug|Any CPU
		{B0221715-6957-44AD-9FB6-215713FAF78B}.Release|Any CPU.ActiveCfg = Release|Any CPU
		{B0221715-6957-44AD-9FB6-215713FAF78B}.Release|Any CPU.Build.0 = Release|Any CPU
		{98B0103B-A127-4BB2-BC6B-7B0910F3E1F6}.Debug|Any CPU.ActiveCfg = Debug|Any CPU
		{98B0103B-A127-4BB2-BC6B-7B0910F3E1F6}.Debug|Any CPU.Build.0 = Debug|Any CPU
		{98B0103B-A127-4BB2-BC6B-7B0910F3E1F6}.Release|Any CPU.ActiveCfg = Release|Any CPU
		{98B0103B-A127-4BB2-BC6B-7B0910F3E1F6}.Release|Any CPU.Build.0 = Release|Any CPU
	EndGlobalSection
	GlobalSection(SolutionProperties) = preSolution
		HideSolutionNode = FALSE
	EndGlobalSection
EndGlobal
